
Microsoft Visual Studio Solution File, Format Version 12.00
# Visual Studio 15
VisualStudioVersion = 15.0.28010.0
MinimumVisualStudioVersion = 10.0.40219.1
Project("{FAE04EC0-301F-11D3-BF4B-00C04F79EFBC}") = "WeatherForecastWPF", "WeatherForecastWPF\WeatherForecastWPF.csproj", "{17EF348B-4728-4796-8E94-D1FBBD82B60E}"
EndProject
Project("{FAE04EC0-301F-11D3-BF4B-00C04F79EFBC}") = "WeatherForecast.Models", "WeatherForecast.Models\WeatherForecast.Models.csproj", "{C15B6E6B-BC72-48D3-AB7B-35B570857AD2}"
EndProject
Project("{FAE04EC0-301F-11D3-BF4B-00C04F79EFBC}") = "WeatherForecast.Service", "WeatherForecast.Service\WeatherForecast.Service.csproj", "{5A2F08CF-184C-48F2-8696-693E916BCEC5}"
EndProject
Global
	GlobalSection(SolutionConfigurationPlatforms) = preSolution
		Debug|Any CPU = Debug|Any CPU
		Release|Any CPU = Release|Any CPU
	EndGlobalSection
	GlobalSection(ProjectConfigurationPlatforms) = postSolution
		{17EF348B-4728-4796-8E94-D1FBBD82B60E}.Debug|Any CPU.ActiveCfg = Debug|Any CPU
		{17EF348B-4728-4796-8E94-D1FBBD82B60E}.Debug|Any CPU.Build.0 = Debug|Any CPU
		{17EF348B-4728-4796-8E94-D1FBBD82B60E}.Release|Any CPU.ActiveCfg = Release|Any CPU
		{17EF348B-4728-4796-8E94-D1FBBD82B60E}.Release|Any CPU.Build.0 = Release|Any CPU
		{C15B6E6B-BC72-48D3-AB7B-35B570857AD2}.Debug|Any CPU.ActiveCfg = Debug|Any CPU
		{C15B6E6B-BC72-48D3-AB7B-35B570857AD2}.Debug|Any CPU.Build.0 = Debug|Any CPU
		{C15B6E6B-BC72-48D3-AB7B-35B570857AD2}.Release|Any CPU.ActiveCfg = Release|Any CPU
		{C15B6E6B-BC72-48D3-AB7B-35B570857AD2}.Release|Any CPU.Build.0 = Release|Any CPU
		{5A2F08CF-184C-48F2-8696-693E916BCEC5}.Debug|Any CPU.ActiveCfg = Debug|Any CPU
		{5A2F08CF-184C-48F2-8696-693E916BCEC5}.Debug|Any CPU.Build.0 = Debug|Any CPU
		{5A2F08CF-184C-48F2-8696-693E916BCEC5}.Release|Any CPU.ActiveCfg = Release|Any CPU
		{5A2F08CF-184C-48F2-8696-693E916BCEC5}.Release|Any CPU.Build.0 = Release|Any CPU
	EndGlobalSection
	GlobalSection(SolutionProperties) = preSolution
		HideSolutionNode = FALSE
	EndGlobalSection
	GlobalSection(ExtensibilityGlobals) = postSolution
		SolutionGuid = {9A534244-6389-4AC0-BBC0-80CD4FB55E2F}
	EndGlobalSection
EndGlobal
